// !$*UTF8*$!
{
	archiveVersion = 1;
	classes = {
	};
	objectVersion = 50;
	objects = {

/* Begin PBXBuildFile section */
		4DD2BA9623230C7800A2DC26 /* us000121.mp3 in Resources */ = {isa = PBXBuildFile; fileRef = 4DD2BA9523230C7700A2DC26 /* us000121.mp3 */; };
		4DD2BA982323137800A2DC26 /* teste.mp3 in Resources */ = {isa = PBXBuildFile; fileRef = 4DD2BA972323137800A2DC26 /* teste.mp3 */; };
		6C339B2E232811C100A376ED /* SpeechViewController.swift in Sources */ = {isa = PBXBuildFile; fileRef = 6C339B2D232811C100A376ED /* SpeechViewController.swift */; };
		6C339B302328126B00A376ED /* Speech.storyboard in Resources */ = {isa = PBXBuildFile; fileRef = 6C339B2F2328126B00A376ED /* Speech.storyboard */; };
		6C36D6D2232AB70100F64341 /* TextToSpeechViewController.swift in Sources */ = {isa = PBXBuildFile; fileRef = 6C36D6D1232AB70100F64341 /* TextToSpeechViewController.swift */; };
		923DD4252322EE25006DAE75 /* AppDelegate.swift in Sources */ = {isa = PBXBuildFile; fileRef = 923DD4242322EE25006DAE75 /* AppDelegate.swift */; };
		923DD4272322EE25006DAE75 /* ViewController.swift in Sources */ = {isa = PBXBuildFile; fileRef = 923DD4262322EE25006DAE75 /* ViewController.swift */; };
		923DD42A2322EE25006DAE75 /* Main.storyboard in Resources */ = {isa = PBXBuildFile; fileRef = 923DD4282322EE25006DAE75 /* Main.storyboard */; };
		923DD42C2322EE26006DAE75 /* Assets.xcassets in Resources */ = {isa = PBXBuildFile; fileRef = 923DD42B2322EE26006DAE75 /* Assets.xcassets */; };
		923DD42F2322EE26006DAE75 /* LaunchScreen.storyboard in Resources */ = {isa = PBXBuildFile; fileRef = 923DD42D2322EE26006DAE75 /* LaunchScreen.storyboard */; };
		923DD43A2322EE26006DAE75 /* SpeechIOSTests.swift in Sources */ = {isa = PBXBuildFile; fileRef = 923DD4392322EE26006DAE75 /* SpeechIOSTests.swift */; };
		923DD4452322EE26006DAE75 /* SpeechIOSUITests.swift in Sources */ = {isa = PBXBuildFile; fileRef = 923DD4442322EE26006DAE75 /* SpeechIOSUITests.swift */; };
/* End PBXBuildFile section */

/* Begin PBXContainerItemProxy section */
		923DD4362322EE26006DAE75 /* PBXContainerItemProxy */ = {
			isa = PBXContainerItemProxy;
			containerPortal = 923DD4192322EE25006DAE75 /* Project object */;
			proxyType = 1;
			remoteGlobalIDString = 923DD4202322EE25006DAE75;
			remoteInfo = SpeechIOS;
		};
		923DD4412322EE26006DAE75 /* PBXContainerItemProxy */ = {
			isa = PBXContainerItemProxy;
			containerPortal = 923DD4192322EE25006DAE75 /* Project object */;
			proxyType = 1;
			remoteGlobalIDString = 923DD4202322EE25006DAE75;
			remoteInfo = SpeechIOS;
		};
/* End PBXContainerItemProxy section */

/* Begin PBXFileReference section */
		4DD2BA9523230C7700A2DC26 /* us000121.mp3 */ = {isa = PBXFileReference; lastKnownFileType = audio.mp3; path = us000121.mp3; sourceTree = "<group>"; };
		4DD2BA972323137800A2DC26 /* teste.mp3 */ = {isa = PBXFileReference; lastKnownFileType = audio.mp3; path = teste.mp3; sourceTree = "<group>"; };
		6C339B2D232811C100A376ED /* SpeechViewController.swift */ = {isa = PBXFileReference; lastKnownFileType = sourcecode.swift; path = SpeechViewController.swift; sourceTree = "<group>"; };
		6C339B2F2328126B00A376ED /* Speech.storyboard */ = {isa = PBXFileReference; lastKnownFileType = file.storyboard; path = Speech.storyboard; sourceTree = "<group>"; };
		6C36D6D1232AB70100F64341 /* TextToSpeechViewController.swift */ = {isa = PBXFileReference; lastKnownFileType = sourcecode.swift; path = TextToSpeechViewController.swift; sourceTree = "<group>"; };
		923DD4212322EE25006DAE75 /* SpeechIOS.app */ = {isa = PBXFileReference; explicitFileType = wrapper.application; includeInIndex = 0; path = SpeechIOS.app; sourceTree = BUILT_PRODUCTS_DIR; };
		923DD4242322EE25006DAE75 /* AppDelegate.swift */ = {isa = PBXFileReference; lastKnownFileType = sourcecode.swift; path = AppDelegate.swift; sourceTree = "<group>"; };
		923DD4262322EE25006DAE75 /* ViewController.swift */ = {isa = PBXFileReference; lastKnownFileType = sourcecode.swift; path = ViewController.swift; sourceTree = "<group>"; };
		923DD4292322EE25006DAE75 /* Base */ = {isa = PBXFileReference; lastKnownFileType = file.storyboard; name = Base; path = Base.lproj/Main.storyboard; sourceTree = "<group>"; };
		923DD42B2322EE26006DAE75 /* Assets.xcassets */ = {isa = PBXFileReference; lastKnownFileType = folder.assetcatalog; path = Assets.xcassets; sourceTree = "<group>"; };
		923DD42E2322EE26006DAE75 /* Base */ = {isa = PBXFileReference; lastKnownFileType = file.storyboard; name = Base; path = Base.lproj/LaunchScreen.storyboard; sourceTree = "<group>"; };
		923DD4302322EE26006DAE75 /* Info.plist */ = {isa = PBXFileReference; lastKnownFileType = text.plist.xml; path = Info.plist; sourceTree = "<group>"; };
		923DD4352322EE26006DAE75 /* SpeechIOSTests.xctest */ = {isa = PBXFileReference; explicitFileType = wrapper.cfbundle; includeInIndex = 0; path = SpeechIOSTests.xctest; sourceTree = BUILT_PRODUCTS_DIR; };
		923DD4392322EE26006DAE75 /* SpeechIOSTests.swift */ = {isa = PBXFileReference; lastKnownFileType = sourcecode.swift; path = SpeechIOSTests.swift; sourceTree = "<group>"; };
		923DD43B2322EE26006DAE75 /* Info.plist */ = {isa = PBXFileReference; lastKnownFileType = text.plist.xml; path = Info.plist; sourceTree = "<group>"; };
		923DD4402322EE26006DAE75 /* SpeechIOSUITests.xctest */ = {isa = PBXFileReference; explicitFileType = wrapper.cfbundle; includeInIndex = 0; path = SpeechIOSUITests.xctest; sourceTree = BUILT_PRODUCTS_DIR; };
		923DD4442322EE26006DAE75 /* SpeechIOSUITests.swift */ = {isa = PBXFileReference; lastKnownFileType = sourcecode.swift; path = SpeechIOSUITests.swift; sourceTree = "<group>"; };
		923DD4462322EE26006DAE75 /* Info.plist */ = {isa = PBXFileReference; lastKnownFileType = text.plist.xml; path = Info.plist; sourceTree = "<group>"; };
/* End PBXFileReference section */

/* Begin PBXFrameworksBuildPhase section */
		923DD41E2322EE25006DAE75 /* Frameworks */ = {
			isa = PBXFrameworksBuildPhase;
			buildActionMask = 2147483647;
			files = (
			);
			runOnlyForDeploymentPostprocessing = 0;
		};
		923DD4322322EE26006DAE75 /* Frameworks */ = {
			isa = PBXFrameworksBuildPhase;
			buildActionMask = 2147483647;
			files = (
			);
			runOnlyForDeploymentPostprocessing = 0;
		};
		923DD43D2322EE26006DAE75 /* Frameworks */ = {
			isa = PBXFrameworksBuildPhase;
			buildActionMask = 2147483647;
			files = (
			);
			runOnlyForDeploymentPostprocessing = 0;
		};
/* End PBXFrameworksBuildPhase section */

/* Begin PBXGroup section */
		6C339B2C2328119E00A376ED /* JP */ = {
			isa = PBXGroup;
			children = (
				6C339B2D232811C100A376ED /* SpeechViewController.swift */,
				6C36D6D1232AB70100F64341 /* TextToSpeechViewController.swift */,
				6C339B2F2328126B00A376ED /* Speech.storyboard */,
			);
			path = JP;
			sourceTree = "<group>";
		};
		923DD4182322EE25006DAE75 = {
			isa = PBXGroup;
			children = (
				923DD4232322EE25006DAE75 /* SpeechIOS */,
				923DD4382322EE26006DAE75 /* SpeechIOSTests */,
				923DD4432322EE26006DAE75 /* SpeechIOSUITests */,
				923DD4222322EE25006DAE75 /* Products */,
			);
			sourceTree = "<group>";
		};
		923DD4222322EE25006DAE75 /* Products */ = {
			isa = PBXGroup;
			children = (
				923DD4212322EE25006DAE75 /* SpeechIOS.app */,
				923DD4352322EE26006DAE75 /* SpeechIOSTests.xctest */,
				923DD4402322EE26006DAE75 /* SpeechIOSUITests.xctest */,
			);
			name = Products;
			sourceTree = "<group>";
		};
		923DD4232322EE25006DAE75 /* SpeechIOS */ = {
			isa = PBXGroup;
			children = (
				6C339B2C2328119E00A376ED /* JP */,
				923DD4242322EE25006DAE75 /* AppDelegate.swift */,
				923DD4262322EE25006DAE75 /* ViewController.swift */,
				923DD4282322EE25006DAE75 /* Main.storyboard */,
				923DD42B2322EE26006DAE75 /* Assets.xcassets */,
				4DD2BA9523230C7700A2DC26 /* us000121.mp3 */,
				4DD2BA972323137800A2DC26 /* teste.mp3 */,
				923DD42D2322EE26006DAE75 /* LaunchScreen.storyboard */,
				923DD4302322EE26006DAE75 /* Info.plist */,
			);
			path = SpeechIOS;
			sourceTree = "<group>";
		};
		923DD4382322EE26006DAE75 /* SpeechIOSTests */ = {
			isa = PBXGroup;
			children = (
				923DD4392322EE26006DAE75 /* SpeechIOSTests.swift */,
				923DD43B2322EE26006DAE75 /* Info.plist */,
			);
			path = SpeechIOSTests;
			sourceTree = "<group>";
		};
		923DD4432322EE26006DAE75 /* SpeechIOSUITests */ = {
			isa = PBXGroup;
			children = (
				923DD4442322EE26006DAE75 /* SpeechIOSUITests.swift */,
				923DD4462322EE26006DAE75 /* Info.plist */,
			);
			path = SpeechIOSUITests;
			sourceTree = "<group>";
		};
/* End PBXGroup section */

/* Begin PBXNativeTarget section */
		923DD4202322EE25006DAE75 /* SpeechIOS */ = {
			isa = PBXNativeTarget;
			buildConfigurationList = 923DD4492322EE26006DAE75 /* Build configuration list for PBXNativeTarget "SpeechIOS" */;
			buildPhases = (
				923DD41D2322EE25006DAE75 /* Sources */,
				923DD41E2322EE25006DAE75 /* Frameworks */,
				923DD41F2322EE25006DAE75 /* Resources */,
			);
			buildRules = (
			);
			dependencies = (
			);
			name = SpeechIOS;
			productName = SpeechIOS;
			productReference = 923DD4212322EE25006DAE75 /* SpeechIOS.app */;
			productType = "com.apple.product-type.application";
		};
		923DD4342322EE26006DAE75 /* SpeechIOSTests */ = {
			isa = PBXNativeTarget;
			buildConfigurationList = 923DD44C2322EE26006DAE75 /* Build configuration list for PBXNativeTarget "SpeechIOSTests" */;
			buildPhases = (
				923DD4312322EE26006DAE75 /* Sources */,
				923DD4322322EE26006DAE75 /* Frameworks */,
				923DD4332322EE26006DAE75 /* Resources */,
			);
			buildRules = (
			);
			dependencies = (
				923DD4372322EE26006DAE75 /* PBXTargetDependency */,
			);
			name = SpeechIOSTests;
			productName = SpeechIOSTests;
			productReference = 923DD4352322EE26006DAE75 /* SpeechIOSTests.xctest */;
			productType = "com.apple.product-type.bundle.unit-test";
		};
		923DD43F2322EE26006DAE75 /* SpeechIOSUITests */ = {
			isa = PBXNativeTarget;
			buildConfigurationList = 923DD44F2322EE26006DAE75 /* Build configuration list for PBXNativeTarget "SpeechIOSUITests" */;
			buildPhases = (
				923DD43C2322EE26006DAE75 /* Sources */,
				923DD43D2322EE26006DAE75 /* Frameworks */,
				923DD43E2322EE26006DAE75 /* Resources */,
			);
			buildRules = (
			);
			dependencies = (
				923DD4422322EE26006DAE75 /* PBXTargetDependency */,
			);
			name = SpeechIOSUITests;
			productName = SpeechIOSUITests;
			productReference = 923DD4402322EE26006DAE75 /* SpeechIOSUITests.xctest */;
			productType = "com.apple.product-type.bundle.ui-testing";
		};
/* End PBXNativeTarget section */

/* Begin PBXProject section */
		923DD4192322EE25006DAE75 /* Project object */ = {
			isa = PBXProject;
			attributes = {
				LastSwiftUpdateCheck = 1030;
				LastUpgradeCheck = 1030;
				ORGANIZATIONNAME = "Alan Victor Paulino de Oliveira";
				TargetAttributes = {
					923DD4202322EE25006DAE75 = {
						CreatedOnToolsVersion = 10.3;
					};
					923DD4342322EE26006DAE75 = {
						CreatedOnToolsVersion = 10.3;
						TestTargetID = 923DD4202322EE25006DAE75;
					};
					923DD43F2322EE26006DAE75 = {
						CreatedOnToolsVersion = 10.3;
						TestTargetID = 923DD4202322EE25006DAE75;
					};
				};
			};
			buildConfigurationList = 923DD41C2322EE25006DAE75 /* Build configuration list for PBXProject "SpeechIOS" */;
			compatibilityVersion = "Xcode 9.3";
			developmentRegion = en;
			hasScannedForEncodings = 0;
			knownRegions = (
				en,
				Base,
			);
			mainGroup = 923DD4182322EE25006DAE75;
			productRefGroup = 923DD4222322EE25006DAE75 /* Products */;
			projectDirPath = "";
			projectRoot = "";
			targets = (
				923DD4202322EE25006DAE75 /* SpeechIOS */,
				923DD4342322EE26006DAE75 /* SpeechIOSTests */,
				923DD43F2322EE26006DAE75 /* SpeechIOSUITests */,
			);
		};
/* End PBXProject section */

/* Begin PBXResourcesBuildPhase section */
		923DD41F2322EE25006DAE75 /* Resources */ = {
			isa = PBXResourcesBuildPhase;
			buildActionMask = 2147483647;
			files = (
				923DD42F2322EE26006DAE75 /* LaunchScreen.storyboard in Resources */,
				4DD2BA982323137800A2DC26 /* teste.mp3 in Resources */,
				6C339B302328126B00A376ED /* Speech.storyboard in Resources */,
				923DD42C2322EE26006DAE75 /* Assets.xcassets in Resources */,
				4DD2BA9623230C7800A2DC26 /* us000121.mp3 in Resources */,
				923DD42A2322EE25006DAE75 /* Main.storyboard in Resources */,
			);
			runOnlyForDeploymentPostprocessing = 0;
		};
		923DD4332322EE26006DAE75 /* Resources */ = {
			isa = PBXResourcesBuildPhase;
			buildActionMask = 2147483647;
			files = (
			);
			runOnlyForDeploymentPostprocessing = 0;
		};
		923DD43E2322EE26006DAE75 /* Resources */ = {
			isa = PBXResourcesBuildPhase;
			buildActionMask = 2147483647;
			files = (
			);
			runOnlyForDeploymentPostprocessing = 0;
		};
/* End PBXResourcesBuildPhase section */

/* Begin PBXSourcesBuildPhase section */
		923DD41D2322EE25006DAE75 /* Sources */ = {
			isa = PBXSourcesBuildPhase;
			buildActionMask = 2147483647;
			files = (
				6C36D6D2232AB70100F64341 /* TextToSpeechViewController.swift in Sources */,
				923DD4272322EE25006DAE75 /* ViewController.swift in Sources */,
				6C339B2E232811C100A376ED /* SpeechViewController.swift in Sources */,
				923DD4252322EE25006DAE75 /* AppDelegate.swift in Sources */,
			);
			runOnlyForDeploymentPostprocessing = 0;
		};
		923DD4312322EE26006DAE75 /* Sources */ = {
			isa = PBXSourcesBuildPhase;
			buildActionMask = 2147483647;
			files = (
				923DD43A2322EE26006DAE75 /* SpeechIOSTests.swift in Sources */,
			);
			runOnlyForDeploymentPostprocessing = 0;
		};
		923DD43C2322EE26006DAE75 /* Sources */ = {
			isa = PBXSourcesBuildPhase;
			buildActionMask = 2147483647;
			files = (
				923DD4452322EE26006DAE75 /* SpeechIOSUITests.swift in Sources */,
			);
			runOnlyForDeploymentPostprocessing = 0;
		};
/* End PBXSourcesBuildPhase section */

/* Begin PBXTargetDependency section */
		923DD4372322EE26006DAE75 /* PBXTargetDependency */ = {
			isa = PBXTargetDependency;
			target = 923DD4202322EE25006DAE75 /* SpeechIOS */;
			targetProxy = 923DD4362322EE26006DAE75 /* PBXContainerItemProxy */;
		};
		923DD4422322EE26006DAE75 /* PBXTargetDependency */ = {
			isa = PBXTargetDependency;
			target = 923DD4202322EE25006DAE75 /* SpeechIOS */;
			targetProxy = 923DD4412322EE26006DAE75 /* PBXContainerItemProxy */;
		};
/* End PBXTargetDependency section */

/* Begin PBXVariantGroup section */
		923DD4282322EE25006DAE75 /* Main.storyboard */ = {
			isa = PBXVariantGroup;
			children = (
				923DD4292322EE25006DAE75 /* Base */,
			);
			name = Main.storyboard;
			sourceTree = "<group>";
		};
		923DD42D2322EE26006DAE75 /* LaunchScreen.storyboard */ = {
			isa = PBXVariantGroup;
			children = (
				923DD42E2322EE26006DAE75 /* Base */,
			);
			name = LaunchScreen.storyboard;
			sourceTree = "<group>";
		};
/* End PBXVariantGroup section */

/* Begin XCBuildConfiguration section */
		923DD4472322EE26006DAE75 /* Debug */ = {
			isa = XCBuildConfiguration;
			buildSettings = {
				ALWAYS_SEARCH_USER_PATHS = NO;
				CLANG_ANALYZER_NONNULL = YES;
				CLANG_ANALYZER_NUMBER_OBJECT_CONVERSION = YES_AGGRESSIVE;
				CLANG_CXX_LANGUAGE_STANDARD = "gnu++14";
				CLANG_CXX_LIBRARY = "libc++";
				CLANG_ENABLE_MODULES = YES;
				CLANG_ENABLE_OBJC_ARC = YES;
				CLANG_ENABLE_OBJC_WEAK = YES;
				CLANG_WARN_BLOCK_CAPTURE_AUTORELEASING = YES;
				CLANG_WARN_BOOL_CONVERSION = YES;
				CLANG_WARN_COMMA = YES;
				CLANG_WARN_CONSTANT_CONVERSION = YES;
				CLANG_WARN_DEPRECATED_OBJC_IMPLEMENTATIONS = YES;
				CLANG_WARN_DIRECT_OBJC_ISA_USAGE = YES_ERROR;
				CLANG_WARN_DOCUMENTATION_COMMENTS = YES;
				CLANG_WARN_EMPTY_BODY = YES;
				CLANG_WARN_ENUM_CONVERSION = YES;
				CLANG_WARN_INFINITE_RECURSION = YES;
				CLANG_WARN_INT_CONVERSION = YES;
				CLANG_WARN_NON_LITERAL_NULL_CONVERSION = YES;
				CLANG_WARN_OBJC_IMPLICIT_RETAIN_SELF = YES;
				CLANG_WARN_OBJC_LITERAL_CONVERSION = YES;
				CLANG_WARN_OBJC_ROOT_CLASS = YES_ERROR;
				CLANG_WARN_RANGE_LOOP_ANALYSIS = YES;
				CLANG_WARN_STRICT_PROTOTYPES = YES;
				CLANG_WARN_SUSPICIOUS_MOVE = YES;
				CLANG_WARN_UNGUARDED_AVAILABILITY = YES_AGGRESSIVE;
				CLANG_WARN_UNREACHABLE_CODE = YES;
				CLANG_WARN__DUPLICATE_METHOD_MATCH = YES;
				CODE_SIGN_IDENTITY = "iPhone Developer";
				COPY_PHASE_STRIP = NO;
				DEBUG_INFORMATION_FORMAT = dwarf;
				ENABLE_STRICT_OBJC_MSGSEND = YES;
				ENABLE_TESTABILITY = YES;
				GCC_C_LANGUAGE_STANDARD = gnu11;
				GCC_DYNAMIC_NO_PIC = NO;
				GCC_NO_COMMON_BLOCKS = YES;
				GCC_OPTIMIZATION_LEVEL = 0;
				GCC_PREPROCESSOR_DEFINITIONS = (
					"DEBUG=1",
					"$(inherited)",
				);
				GCC_WARN_64_TO_32_BIT_CONVERSION = YES;
				GCC_WARN_ABOUT_RETURN_TYPE = YES_ERROR;
				GCC_WARN_UNDECLARED_SELECTOR = YES;
				GCC_WARN_UNINITIALIZED_AUTOS = YES_AGGRESSIVE;
				GCC_WARN_UNUSED_FUNCTION = YES;
				GCC_WARN_UNUSED_VARIABLE = YES;
				IPHONEOS_DEPLOYMENT_TARGET = 12.4;
				MTL_ENABLE_DEBUG_INFO = INCLUDE_SOURCE;
				MTL_FAST_MATH = YES;
				ONLY_ACTIVE_ARCH = YES;
				SDKROOT = iphoneos;
				SWIFT_ACTIVE_COMPILATION_CONDITIONS = DEBUG;
				SWIFT_OPTIMIZATION_LEVEL = "-Onone";
			};
			name = Debug;
		};
		923DD4482322EE26006DAE75 /* Release */ = {
			isa = XCBuildConfiguration;
			buildSettings = {
				ALWAYS_SEARCH_USER_PATHS = NO;
				CLANG_ANALYZER_NONNULL = YES;
				CLANG_ANALYZER_NUMBER_OBJECT_CONVERSION = YES_AGGRESSIVE;
				CLANG_CXX_LANGUAGE_STANDARD = "gnu++14";
				CLANG_CXX_LIBRARY = "libc++";
				CLANG_ENABLE_MODULES = YES;
				CLANG_ENABLE_OBJC_ARC = YES;
				CLANG_ENABLE_OBJC_WEAK = YES;
				CLANG_WARN_BLOCK_CAPTURE_AUTORELEASING = YES;
				CLANG_WARN_BOOL_CONVERSION = YES;
				CLANG_WARN_COMMA = YES;
				CLANG_WARN_CONSTANT_CONVERSION = YES;
				CLANG_WARN_DEPRECATED_OBJC_IMPLEMENTATIONS = YES;
				CLANG_WARN_DIRECT_OBJC_ISA_USAGE = YES_ERROR;
				CLANG_WARN_DOCUMENTATION_COMMENTS = YES;
				CLANG_WARN_EMPTY_BODY = YES;
				CLANG_WARN_ENUM_CONVERSION = YES;
				CLANG_WARN_INFINITE_RECURSION = YES;
				CLANG_WARN_INT_CONVERSION = YES;
				CLANG_WARN_NON_LITERAL_NULL_CONVERSION = YES;
				CLANG_WARN_OBJC_IMPLICIT_RETAIN_SELF = YES;
				CLANG_WARN_OBJC_LITERAL_CONVERSION = YES;
				CLANG_WARN_OBJC_ROOT_CLASS = YES_ERROR;
				CLANG_WARN_RANGE_LOOP_ANALYSIS = YES;
				CLANG_WARN_STRICT_PROTOTYPES = YES;
				CLANG_WARN_SUSPICIOUS_MOVE = YES;
				CLANG_WARN_UNGUARDED_AVAILABILITY = YES_AGGRESSIVE;
				CLANG_WARN_UNREACHABLE_CODE = YES;
				CLANG_WARN__DUPLICATE_METHOD_MATCH = YES;
				CODE_SIGN_IDENTITY = "iPhone Developer";
				COPY_PHASE_STRIP = NO;
				DEBUG_INFORMATION_FORMAT = "dwarf-with-dsym";
				ENABLE_NS_ASSERTIONS = NO;
				ENABLE_STRICT_OBJC_MSGSEND = YES;
				GCC_C_LANGUAGE_STANDARD = gnu11;
				GCC_NO_COMMON_BLOCKS = YES;
				GCC_WARN_64_TO_32_BIT_CONVERSION = YES;
				GCC_WARN_ABOUT_RETURN_TYPE = YES_ERROR;
				GCC_WARN_UNDECLARED_SELECTOR = YES;
				GCC_WARN_UNINITIALIZED_AUTOS = YES_AGGRESSIVE;
				GCC_WARN_UNUSED_FUNCTION = YES;
				GCC_WARN_UNUSED_VARIABLE = YES;
				IPHONEOS_DEPLOYMENT_TARGET = 12.4;
				MTL_ENABLE_DEBUG_INFO = NO;
				MTL_FAST_MATH = YES;
				SDKROOT = iphoneos;
				SWIFT_COMPILATION_MODE = wholemodule;
				SWIFT_OPTIMIZATION_LEVEL = "-O";
				VALIDATE_PRODUCT = YES;
			};
			name = Release;
		};
		923DD44A2322EE26006DAE75 /* Debug */ = {
			isa = XCBuildConfiguration;
			buildSettings = {
				ASSETCATALOG_COMPILER_APPICON_NAME = AppIcon;
				CODE_SIGN_STYLE = Automatic;
				DEVELOPMENT_TEAM = V9TV25TFN7;
				INFOPLIST_FILE = SpeechIOS/Info.plist;
				LD_RUNPATH_SEARCH_PATHS = (
					"$(inherited)",
					"@executable_path/Frameworks",
				);
				PRODUCT_BUNDLE_IDENTIFIER = alanvictor.SpeechIOS;
				PRODUCT_NAME = "$(TARGET_NAME)";
				SWIFT_VERSION = 5.0;
				TARGETED_DEVICE_FAMILY = "1,2";
			};
			name = Debug;
		};
		923DD44B2322EE26006DAE75 /* Release */ = {
			isa = XCBuildConfiguration;
			buildSettings = {
				ASSETCATALOG_COMPILER_APPICON_NAME = AppIcon;
				CODE_SIGN_STYLE = Automatic;
				DEVELOPMENT_TEAM = GM73VGBYQV;
				INFOPLIST_FILE = SpeechIOS/Info.plist;
				LD_RUNPATH_SEARCH_PATHS = (
					"$(inherited)",
					"@executable_path/Frameworks",
				);
				PRODUCT_BUNDLE_IDENTIFIER = alanvictor.SpeechIOS;
				PRODUCT_NAME = "$(TARGET_NAME)";
				SWIFT_VERSION = 5.0;
				TARGETED_DEVICE_FAMILY = "1,2";
			};
			name = Release;
		};
		923DD44D2322EE26006DAE75 /* Debug */ = {
			isa = XCBuildConfiguration;
			buildSettings = {
				ALWAYS_EMBED_SWIFT_STANDARD_LIBRARIES = YES;
				BUNDLE_LOADER = "$(TEST_HOST)";
				CODE_SIGN_STYLE = Automatic;
				DEVELOPMENT_TEAM = NM36QJ4P82;
				INFOPLIST_FILE = SpeechIOSTests/Info.plist;
				LD_RUNPATH_SEARCH_PATHS = (
					"$(inherited)",
					"@executable_path/Frameworks",
					"@loader_path/Frameworks",
				);
				PRODUCT_BUNDLE_IDENTIFIER = alanvictor.SpeechIOSTests;
				PRODUCT_NAME = "$(TARGET_NAME)";
				SWIFT_VERSION = 5.0;
				TARGETED_DEVICE_FAMILY = "1,2";
				TEST_HOST = "$(BUILT_PRODUCTS_DIR)/SpeechIOS.app/SpeechIOS";
			};
			name = Debug;
		};
		923DD44E2322EE26006DAE75 /* Release */ = {
			isa = XCBuildConfiguration;
			buildSettings = {
				ALWAYS_EMBED_SWIFT_STANDARD_LIBRARIES = YES;
				BUNDLE_LOADER = "$(TEST_HOST)";
				CODE_SIGN_STYLE = Automatic;
				DEVELOPMENT_TEAM = NM36QJ4P82;
				INFOPLIST_FILE = SpeechIOSTests/Info.plist;
				LD_RUNPATH_SEARCH_PATHS = (
					"$(inherited)",
					"@executable_path/Frameworks",
					"@loader_path/Frameworks",
				);
				PRODUCT_BUNDLE_IDENTIFIER = alanvictor.SpeechIOSTests;
				PRODUCT_NAME = "$(TARGET_NAME)";
				SWIFT_VERSION = 5.0;
				TARGETED_DEVICE_FAMILY = "1,2";
				TEST_HOST = "$(BUILT_PRODUCTS_DIR)/SpeechIOS.app/SpeechIOS";
			};
			name = Release;
		};
		923DD4502322EE26006DAE75 /* Debug */ = {
			isa = XCBuildConfiguration;
			buildSettings = {
				ALWAYS_EMBED_SWIFT_STANDARD_LIBRARIES = YES;
				CODE_SIGN_STYLE = Automatic;
				DEVELOPMENT_TEAM = NM36QJ4P82;
				INFOPLIST_FILE = SpeechIOSUITests/Info.plist;
				LD_RUNPATH_SEARCH_PATHS = (
					"$(inherited)",
					"@executable_path/Frameworks",
					"@loader_path/Frameworks",
				);
				PRODUCT_BUNDLE_IDENTIFIER = alanvictor.SpeechIOSUITests;
				PRODUCT_NAME = "$(TARGET_NAME)";
				SWIFT_VERSION = 5.0;
				TARGETED_DEVICE_FAMILY = "1,2";
				TEST_TARGET_NAME = SpeechIOS;
			};
			name = Debug;
		};
		923DD4512322EE26006DAE75 /* Release */ = {
			isa = XCBuildConfiguration;
			buildSettings = {
				ALWAYS_EMBED_SWIFT_STANDARD_LIBRARIES = YES;
				CODE_SIGN_STYLE = Automatic;
				DEVELOPMENT_TEAM = NM36QJ4P82;
				INFOPLIST_FILE = SpeechIOSUITests/Info.plist;
				LD_RUNPATH_SEARCH_PATHS = (
					"$(inherited)",
					"@executable_path/Frameworks",
					"@loader_path/Frameworks",
				);
				PRODUCT_BUNDLE_IDENTIFIER = alanvictor.SpeechIOSUITests;
				PRODUCT_NAME = "$(TARGET_NAME)";
				SWIFT_VERSION = 5.0;
				TARGETED_DEVICE_FAMILY = "1,2";
				TEST_TARGET_NAME = SpeechIOS;
			};
			name = Release;
		};
/* End XCBuildConfiguration section */

/* Begin XCConfigurationList section */
		923DD41C2322EE25006DAE75 /* Build configuration list for PBXProject "SpeechIOS" */ = {
			isa = XCConfigurationList;
			buildConfigurations = (
				923DD4472322EE26006DAE75 /* Debug */,
				923DD4482322EE26006DAE75 /* Release */,
			);
			defaultConfigurationIsVisible = 0;
			defaultConfigurationName = Release;
		};
		923DD4492322EE26006DAE75 /* Build configuration list for PBXNativeTarget "SpeechIOS" */ = {
			isa = XCConfigurationList;
			buildConfigurations = (
				923DD44A2322EE26006DAE75 /* Debug */,
				923DD44B2322EE26006DAE75 /* Release */,
			);
			defaultConfigurationIsVisible = 0;
			defaultConfigurationName = Release;
		};
		923DD44C2322EE26006DAE75 /* Build configuration list for PBXNativeTarget "SpeechIOSTests" */ = {
			isa = XCConfigurationList;
			buildConfigurations = (
				923DD44D2322EE26006DAE75 /* Debug */,
				923DD44E2322EE26006DAE75 /* Release */,
			);
			defaultConfigurationIsVisible = 0;
			defaultConfigurationName = Release;
		};
		923DD44F2322EE26006DAE75 /* Build configuration list for PBXNativeTarget "SpeechIOSUITests" */ = {
			isa = XCConfigurationList;
			buildConfigurations = (
				923DD4502322EE26006DAE75 /* Debug */,
				923DD4512322EE26006DAE75 /* Release */,
			);
			defaultConfigurationIsVisible = 0;
			defaultConfigurationName = Release;
		};
/* End XCConfigurationList section */
	};
	rootObject = 923DD4192322EE25006DAE75 /* Project object */;
}
